// !$*UTF8*$!
{
	archiveVersion = 1;
	classes = {
	};
	objectVersion = 52;
	objects = {

/* Begin PBXBuildFile section */
		1B2C01891628385DF1EED550 /* Assets.xcassets in Resources */ = {isa = PBXBuildFile; fileRef = 1B2C065CC5799D35B09B9DF0 /* Assets.xcassets */; };
		1B2C02E5619C6C77DD43536B /* UIColor.swift in Sources */ = {isa = PBXBuildFile; fileRef = 1B2C0F7D7E8D077A0F87B0CF /* UIColor.swift */; };
		1B2C05A9E12E95C4CBC208B5 /* ContentView.swift in Sources */ = {isa = PBXBuildFile; fileRef = 1B2C004091FFF66D7A513FAA /* ContentView.swift */; };
		1B2C081C194F787B4BF0F578 /* LaunchScreen.storyboard in Resources */ = {isa = PBXBuildFile; fileRef = 1B2C0E970CBB68623B7DECA6 /* LaunchScreen.storyboard */; };
		1B2C08EE2E87464397616825 /* Logo.swift in Sources */ = {isa = PBXBuildFile; fileRef = 1B2C026F53D2A1BD136FCC30 /* Logo.swift */; };
		1B2C09F42C8BB3E1C3A49EF0 /* Blur.swift in Sources */ = {isa = PBXBuildFile; fileRef = 1B2C017384D7AC35E33A38FE /* Blur.swift */; };
		1B2C0D886FEE46BF27A87AA9 /* Network.swift in Sources */ = {isa = PBXBuildFile; fileRef = 1B2C00CA48B2FDBEEE341BED /* Network.swift */; };
		288BA1F825FBB926001C8F08 /* AppDelegate.swift in Sources */ = {isa = PBXBuildFile; fileRef = 288BA1F725FBB926001C8F08 /* AppDelegate.swift */; };
		288BA1FA25FBB926001C8F08 /* SceneDelegate.swift in Sources */ = {isa = PBXBuildFile; fileRef = 288BA1F925FBB926001C8F08 /* SceneDelegate.swift */; };
		288BA20125FBB928001C8F08 /* Preview Assets.xcassets in Resources */ = {isa = PBXBuildFile; fileRef = 288BA20025FBB928001C8F08 /* Preview Assets.xcassets */; };
		288BA20F25FBB929001C8F08 /* rosterpulseTests.swift in Sources */ = {isa = PBXBuildFile; fileRef = 288BA20E25FBB929001C8F08 /* rosterpulseTests.swift */; };
		288BA21A25FBB929001C8F08 /* rosterpulseUITests.swift in Sources */ = {isa = PBXBuildFile; fileRef = 288BA21925FBB929001C8F08 /* rosterpulseUITests.swift */; };
		288BA24725FD590F001C8F08 /* API.swift in Sources */ = {isa = PBXBuildFile; fileRef = 288BA24625FD590F001C8F08 /* API.swift */; };
		28FAA8C5260B786200637835 /* Apollo in Frameworks */ = {isa = PBXBuildFile; productRef = 288BA23125FD5503001C8F08 /* Apollo */; };
		28FAA8C6260B786200637835 /* ApolloWebSocket in Frameworks */ = {isa = PBXBuildFile; productRef = 288BA23325FD5503001C8F08 /* ApolloWebSocket */; };
		28FAA8CE260B7F4900637835 /* LoginView.swift in Sources */ = {isa = PBXBuildFile; fileRef = 28FAA8CD260B7F4900637835 /* LoginView.swift */; };
/* End PBXBuildFile section */

/* Begin PBXContainerItemProxy section */
		288BA20B25FBB929001C8F08 /* PBXContainerItemProxy */ = {
			isa = PBXContainerItemProxy;
			containerPortal = 288BA1EC25FBB926001C8F08 /* Project object */;
			proxyType = 1;
			remoteGlobalIDString = 288BA1F325FBB926001C8F08;
			remoteInfo = rosterpulse;
		};
		288BA21625FBB929001C8F08 /* PBXContainerItemProxy */ = {
			isa = PBXContainerItemProxy;
			containerPortal = 288BA1EC25FBB926001C8F08 /* Project object */;
			proxyType = 1;
			remoteGlobalIDString = 288BA1F325FBB926001C8F08;
			remoteInfo = rosterpulse;
		};
/* End PBXContainerItemProxy section */

/* Begin PBXFileReference section */
		1B2C004091FFF66D7A513FAA /* ContentView.swift */ = {isa = PBXFileReference; fileEncoding = 4; lastKnownFileType = sourcecode.swift; path = ContentView.swift; sourceTree = "<group>"; };
		1B2C00CA48B2FDBEEE341BED /* Network.swift */ = {isa = PBXFileReference; fileEncoding = 4; lastKnownFileType = sourcecode.swift; path = Network.swift; sourceTree = "<group>"; };
		1B2C017384D7AC35E33A38FE /* Blur.swift */ = {isa = PBXFileReference; fileEncoding = 4; lastKnownFileType = sourcecode.swift; path = Blur.swift; sourceTree = "<group>"; };
		1B2C026F53D2A1BD136FCC30 /* Logo.swift */ = {isa = PBXFileReference; fileEncoding = 4; lastKnownFileType = sourcecode.swift; path = Logo.swift; sourceTree = "<group>"; };
		1B2C065CC5799D35B09B9DF0 /* Assets.xcassets */ = {isa = PBXFileReference; lastKnownFileType = folder.assetcatalog; path = Assets.xcassets; sourceTree = "<group>"; };
		1B2C092FBEFF10E8BF1CFEFF /* Info.plist */ = {isa = PBXFileReference; fileEncoding = 4; lastKnownFileType = text.plist.info; path = Info.plist; sourceTree = "<group>"; };
		1B2C0E970CBB68623B7DECA6 /* LaunchScreen.storyboard */ = {isa = PBXFileReference; lastKnownFileType = file.storyboard; path = LaunchScreen.storyboard; sourceTree = "<group>"; };
		1B2C0F7D7E8D077A0F87B0CF /* UIColor.swift */ = {isa = PBXFileReference; fileEncoding = 4; lastKnownFileType = sourcecode.swift; path = UIColor.swift; sourceTree = "<group>"; };
		288BA1F425FBB926001C8F08 /* rosterpulse.app */ = {isa = PBXFileReference; explicitFileType = wrapper.application; includeInIndex = 0; path = rosterpulse.app; sourceTree = BUILT_PRODUCTS_DIR; };
		288BA1F725FBB926001C8F08 /* AppDelegate.swift */ = {isa = PBXFileReference; lastKnownFileType = sourcecode.swift; path = AppDelegate.swift; sourceTree = "<group>"; };
		288BA1F925FBB926001C8F08 /* SceneDelegate.swift */ = {isa = PBXFileReference; lastKnownFileType = sourcecode.swift; path = SceneDelegate.swift; sourceTree = "<group>"; };
		288BA20025FBB928001C8F08 /* Preview Assets.xcassets */ = {isa = PBXFileReference; lastKnownFileType = folder.assetcatalog; path = "Preview Assets.xcassets"; sourceTree = "<group>"; };
		288BA20A25FBB929001C8F08 /* rosterpulseTests.xctest */ = {isa = PBXFileReference; explicitFileType = wrapper.cfbundle; includeInIndex = 0; path = rosterpulseTests.xctest; sourceTree = BUILT_PRODUCTS_DIR; };
		288BA20E25FBB929001C8F08 /* rosterpulseTests.swift */ = {isa = PBXFileReference; lastKnownFileType = sourcecode.swift; path = rosterpulseTests.swift; sourceTree = "<group>"; };
		288BA21025FBB929001C8F08 /* Info.plist */ = {isa = PBXFileReference; lastKnownFileType = text.plist.xml; path = Info.plist; sourceTree = "<group>"; };
		288BA21525FBB929001C8F08 /* rosterpulseUITests.xctest */ = {isa = PBXFileReference; explicitFileType = wrapper.cfbundle; includeInIndex = 0; path = rosterpulseUITests.xctest; sourceTree = BUILT_PRODUCTS_DIR; };
		288BA21925FBB929001C8F08 /* rosterpulseUITests.swift */ = {isa = PBXFileReference; lastKnownFileType = sourcecode.swift; path = rosterpulseUITests.swift; sourceTree = "<group>"; };
		288BA21B25FBB929001C8F08 /* Info.plist */ = {isa = PBXFileReference; lastKnownFileType = text.plist.xml; path = Info.plist; sourceTree = "<group>"; };
		288BA24125FD5775001C8F08 /* schema.json */ = {isa = PBXFileReference; lastKnownFileType = text.json; path = schema.json; sourceTree = "<group>"; };
		288BA24225FD5801001C8F08 /* Schema.graphql */ = {isa = PBXFileReference; lastKnownFileType = text; path = Schema.graphql; sourceTree = "<group>"; };
		288BA24625FD590F001C8F08 /* API.swift */ = {isa = PBXFileReference; fileEncoding = 4; lastKnownFileType = sourcecode.swift; path = API.swift; sourceTree = "<group>"; };
		28FAA8CD260B7F4900637835 /* LoginView.swift */ = {isa = PBXFileReference; lastKnownFileType = sourcecode.swift; path = LoginView.swift; sourceTree = "<group>"; };
/* End PBXFileReference section */

/* Begin PBXFrameworksBuildPhase section */
		288BA1F125FBB926001C8F08 /* Frameworks */ = {
			isa = PBXFrameworksBuildPhase;
			buildActionMask = 2147483647;
			files = (
				28FAA8C5260B786200637835 /* Apollo in Frameworks */,
				28FAA8C6260B786200637835 /* ApolloWebSocket in Frameworks */,
			);
			runOnlyForDeploymentPostprocessing = 0;
		};
		288BA20725FBB929001C8F08 /* Frameworks */ = {
			isa = PBXFrameworksBuildPhase;
			buildActionMask = 2147483647;
			files = (
			);
			runOnlyForDeploymentPostprocessing = 0;
		};
		288BA21225FBB929001C8F08 /* Frameworks */ = {
			isa = PBXFrameworksBuildPhase;
			buildActionMask = 2147483647;
			files = (
			);
			runOnlyForDeploymentPostprocessing = 0;
		};
/* End PBXFrameworksBuildPhase section */

/* Begin PBXGroup section */
		1B2C01B494B81AB955CF8DDB /* Screens */ = {
			isa = PBXGroup;
			children = (
				1B2C004091FFF66D7A513FAA /* ContentView.swift */,
				28FAA8CD260B7F4900637835 /* LoginView.swift */,
			);
			path = Screens;
			sourceTree = "<group>";
		};
		1B2C01EBCDE7D89EACE1F0CA /* UI */ = {
			isa = PBXGroup;
			children = (
				1B2C0F2155FF894F1702CB3D /* Components */,
				1B2C01B494B81AB955CF8DDB /* Screens */,
			);
			path = UI;
			sourceTree = "<group>";
		};
		1B2C04904AF6CCD320DCE997 /* Extensions */ = {
			isa = PBXGroup;
			children = (
				1B2C0F7D7E8D077A0F87B0CF /* UIColor.swift */,
			);
			path = Extensions;
			sourceTree = "<group>";
		};
		1B2C0F2155FF894F1702CB3D /* Components */ = {
			isa = PBXGroup;
			children = (
				1B2C017384D7AC35E33A38FE /* Blur.swift */,
				1B2C026F53D2A1BD136FCC30 /* Logo.swift */,
			);
			path = Components;
			sourceTree = "<group>";
		};
		1B2C0F62589346DBCE9C9CB7 /* Resources */ = {
			isa = PBXGroup;
			children = (
				1B2C065CC5799D35B09B9DF0 /* Assets.xcassets */,
				1B2C092FBEFF10E8BF1CFEFF /* Info.plist */,
				1B2C0E970CBB68623B7DECA6 /* LaunchScreen.storyboard */,
			);
			path = Resources;
			sourceTree = "<group>";
		};
		288BA1EB25FBB926001C8F08 = {
			isa = PBXGroup;
			children = (
				288BA1F625FBB926001C8F08 /* rosterpulse */,
				288BA20D25FBB929001C8F08 /* rosterpulseTests */,
				288BA21825FBB929001C8F08 /* rosterpulseUITests */,
				288BA1F525FBB926001C8F08 /* Products */,
			);
			sourceTree = "<group>";
		};
		288BA1F525FBB926001C8F08 /* Products */ = {
			isa = PBXGroup;
			children = (
				288BA1F425FBB926001C8F08 /* rosterpulse.app */,
				288BA20A25FBB929001C8F08 /* rosterpulseTests.xctest */,
				288BA21525FBB929001C8F08 /* rosterpulseUITests.xctest */,
			);
			name = Products;
			sourceTree = "<group>";
		};
		288BA1F625FBB926001C8F08 /* rosterpulse */ = {
			isa = PBXGroup;
			children = (
				288BA24625FD590F001C8F08 /* API.swift */,
				288BA24125FD5775001C8F08 /* schema.json */,
				288BA1F725FBB926001C8F08 /* AppDelegate.swift */,
				288BA1F925FBB926001C8F08 /* SceneDelegate.swift */,
				288BA1FF25FBB928001C8F08 /* Preview Content */,
				288BA24225FD5801001C8F08 /* Schema.graphql */,
				1B2C00CA48B2FDBEEE341BED /* Network.swift */,
				1B2C04904AF6CCD320DCE997 /* Extensions */,
				1B2C01EBCDE7D89EACE1F0CA /* UI */,
				1B2C0F62589346DBCE9C9CB7 /* Resources */,
			);
			path = rosterpulse;
			sourceTree = "<group>";
		};
		288BA1FF25FBB928001C8F08 /* Preview Content */ = {
			isa = PBXGroup;
			children = (
				288BA20025FBB928001C8F08 /* Preview Assets.xcassets */,
			);
			path = "Preview Content";
			sourceTree = "<group>";
		};
		288BA20D25FBB929001C8F08 /* rosterpulseTests */ = {
			isa = PBXGroup;
			children = (
				288BA20E25FBB929001C8F08 /* rosterpulseTests.swift */,
				288BA21025FBB929001C8F08 /* Info.plist */,
			);
			path = rosterpulseTests;
			sourceTree = "<group>";
		};
		288BA21825FBB929001C8F08 /* rosterpulseUITests */ = {
			isa = PBXGroup;
			children = (
				288BA21925FBB929001C8F08 /* rosterpulseUITests.swift */,
				288BA21B25FBB929001C8F08 /* Info.plist */,
			);
			path = rosterpulseUITests;
			sourceTree = "<group>";
		};
/* End PBXGroup section */

/* Begin PBXNativeTarget section */
		288BA1F325FBB926001C8F08 /* rosterpulse */ = {
			isa = PBXNativeTarget;
			buildConfigurationList = 288BA21E25FBB929001C8F08 /* Build configuration list for PBXNativeTarget "rosterpulse" */;
			buildPhases = (
				288BA23825FD5544001C8F08 /* Apollo CLI */,
				288BA1F025FBB926001C8F08 /* Sources */,
				288BA1F125FBB926001C8F08 /* Frameworks */,
				288BA1F225FBB926001C8F08 /* Resources */,
			);
			buildRules = (
			);
			dependencies = (
			);
			name = rosterpulse;
			packageProductDependencies = (
				288BA23125FD5503001C8F08 /* Apollo */,
				288BA23325FD5503001C8F08 /* ApolloWebSocket */,
			);
			productName = rosterpulse;
			productReference = 288BA1F425FBB926001C8F08 /* rosterpulse.app */;
			productType = "com.apple.product-type.application";
		};
		288BA20925FBB929001C8F08 /* rosterpulseTests */ = {
			isa = PBXNativeTarget;
			buildConfigurationList = 288BA22125FBB929001C8F08 /* Build configuration list for PBXNativeTarget "rosterpulseTests" */;
			buildPhases = (
				288BA20625FBB929001C8F08 /* Sources */,
				288BA20725FBB929001C8F08 /* Frameworks */,
				288BA20825FBB929001C8F08 /* Resources */,
			);
			buildRules = (
			);
			dependencies = (
				288BA20C25FBB929001C8F08 /* PBXTargetDependency */,
			);
			name = rosterpulseTests;
			productName = rosterpulseTests;
			productReference = 288BA20A25FBB929001C8F08 /* rosterpulseTests.xctest */;
			productType = "com.apple.product-type.bundle.unit-test";
		};
		288BA21425FBB929001C8F08 /* rosterpulseUITests */ = {
			isa = PBXNativeTarget;
			buildConfigurationList = 288BA22425FBB929001C8F08 /* Build configuration list for PBXNativeTarget "rosterpulseUITests" */;
			buildPhases = (
				288BA21125FBB929001C8F08 /* Sources */,
				288BA21225FBB929001C8F08 /* Frameworks */,
				288BA21325FBB929001C8F08 /* Resources */,
			);
			buildRules = (
			);
			dependencies = (
				288BA21725FBB929001C8F08 /* PBXTargetDependency */,
			);
			name = rosterpulseUITests;
			productName = rosterpulseUITests;
			productReference = 288BA21525FBB929001C8F08 /* rosterpulseUITests.xctest */;
			productType = "com.apple.product-type.bundle.ui-testing";
		};
/* End PBXNativeTarget section */

/* Begin PBXProject section */
		288BA1EC25FBB926001C8F08 /* Project object */ = {
			isa = PBXProject;
			attributes = {
				LastSwiftUpdateCheck = 1240;
				LastUpgradeCheck = 1240;
				TargetAttributes = {
					288BA1F325FBB926001C8F08 = {
						CreatedOnToolsVersion = 12.4;
					};
					288BA20925FBB929001C8F08 = {
						CreatedOnToolsVersion = 12.4;
						TestTargetID = 288BA1F325FBB926001C8F08;
					};
					288BA21425FBB929001C8F08 = {
						CreatedOnToolsVersion = 12.4;
						TestTargetID = 288BA1F325FBB926001C8F08;
					};
				};
			};
			buildConfigurationList = 288BA1EF25FBB926001C8F08 /* Build configuration list for PBXProject "rosterpulse" */;
			compatibilityVersion = "Xcode 9.3";
			developmentRegion = en;
			hasScannedForEncodings = 0;
			knownRegions = (
				en,
				Base,
			);
			mainGroup = 288BA1EB25FBB926001C8F08;
			packageReferences = (
				288BA23025FD5503001C8F08 /* XCRemoteSwiftPackageReference "apollo-ios" */,
			);
			productRefGroup = 288BA1F525FBB926001C8F08 /* Products */;
			projectDirPath = "";
			projectRoot = "";
			targets = (
				288BA1F325FBB926001C8F08 /* rosterpulse */,
				288BA20925FBB929001C8F08 /* rosterpulseTests */,
				288BA21425FBB929001C8F08 /* rosterpulseUITests */,
			);
		};
/* End PBXProject section */

/* Begin PBXResourcesBuildPhase section */
		288BA1F225FBB926001C8F08 /* Resources */ = {
			isa = PBXResourcesBuildPhase;
			buildActionMask = 2147483647;
			files = (
				288BA20125FBB928001C8F08 /* Preview Assets.xcassets in Resources */,
				1B2C01891628385DF1EED550 /* Assets.xcassets in Resources */,
				1B2C081C194F787B4BF0F578 /* LaunchScreen.storyboard in Resources */,
			);
			runOnlyForDeploymentPostprocessing = 0;
		};
		288BA20825FBB929001C8F08 /* Resources */ = {
			isa = PBXResourcesBuildPhase;
			buildActionMask = 2147483647;
			files = (
			);
			runOnlyForDeploymentPostprocessing = 0;
		};
		288BA21325FBB929001C8F08 /* Resources */ = {
			isa = PBXResourcesBuildPhase;
			buildActionMask = 2147483647;
			files = (
			);
			runOnlyForDeploymentPostprocessing = 0;
		};
/* End PBXResourcesBuildPhase section */

/* Begin PBXShellScriptBuildPhase section */
		288BA23825FD5544001C8F08 /* Apollo CLI */ = {
			isa = PBXShellScriptBuildPhase;
			buildActionMask = 2147483647;
			files = (
			);
			inputFileListPaths = (
			);
			inputPaths = (
			);
			name = "Apollo CLI";
			outputFileListPaths = (
			);
			outputPaths = (
			);
			runOnlyForDeploymentPostprocessing = 0;
			shellPath = /bin/sh;
			shellScript = "# Go to the build root and search up the chain to find the Derived Data Path where the source packages are checked out.\nDERIVED_DATA_CANDIDATE=\"${BUILD_ROOT}\"\n\nwhile ! [ -d \"${DERIVED_DATA_CANDIDATE}/SourcePackages\" ]; do\n  if [ \"${DERIVED_DATA_CANDIDATE}\" = / ]; then\n    echo >&2 \"error: Unable to locate SourcePackages directory from BUILD_ROOT: '${BUILD_ROOT}'\"\n    exit 1\n  fi\n\n  DERIVED_DATA_CANDIDATE=\"$(dirname \"${DERIVED_DATA_CANDIDATE}\")\"\ndone\n\n# Grab a reference to the directory where scripts are checked out\nSCRIPT_PATH=\"${DERIVED_DATA_CANDIDATE}/SourcePackages/checkouts/apollo-ios/scripts\"\n\nif [ -z \"${SCRIPT_PATH}\" ]; then\n    echo >&2 \"error: Couldn't find the CLI script in your checked out SPM packages; make sure to add the framework to your project.\"\n    exit 1\nfi\n\ncd \"${SRCROOT}/${TARGET_NAME}\"\n\"${SCRIPT_PATH}\"/run-bundled-codegen.sh codegen:generate --target=swift --includes=./**/*.graphql --localSchemaFile=\"schema.json\" API.swift\n\n";
		};
/* End PBXShellScriptBuildPhase section */

/* Begin PBXSourcesBuildPhase section */
		288BA1F025FBB926001C8F08 /* Sources */ = {
			isa = PBXSourcesBuildPhase;
			buildActionMask = 2147483647;
			files = (
				288BA1F825FBB926001C8F08 /* AppDelegate.swift in Sources */,
				288BA1FA25FBB926001C8F08 /* SceneDelegate.swift in Sources */,
				28FAA8CE260B7F4900637835 /* LoginView.swift in Sources */,
				288BA24725FD590F001C8F08 /* API.swift in Sources */,
				1B2C0D886FEE46BF27A87AA9 /* Network.swift in Sources */,
				1B2C02E5619C6C77DD43536B /* UIColor.swift in Sources */,
				1B2C09F42C8BB3E1C3A49EF0 /* Blur.swift in Sources */,
				1B2C08EE2E87464397616825 /* Logo.swift in Sources */,
				1B2C05A9E12E95C4CBC208B5 /* ContentView.swift in Sources */,
			);
			runOnlyForDeploymentPostprocessing = 0;
		};
		288BA20625FBB929001C8F08 /* Sources */ = {
			isa = PBXSourcesBuildPhase;
			buildActionMask = 2147483647;
			files = (
				288BA20F25FBB929001C8F08 /* rosterpulseTests.swift in Sources */,
			);
			runOnlyForDeploymentPostprocessing = 0;
		};
		288BA21125FBB929001C8F08 /* Sources */ = {
			isa = PBXSourcesBuildPhase;
			buildActionMask = 2147483647;
			files = (
				288BA21A25FBB929001C8F08 /* rosterpulseUITests.swift in Sources */,
			);
			runOnlyForDeploymentPostprocessing = 0;
		};
/* End PBXSourcesBuildPhase section */

/* Begin PBXTargetDependency section */
		288BA20C25FBB929001C8F08 /* PBXTargetDependency */ = {
			isa = PBXTargetDependency;
			target = 288BA1F325FBB926001C8F08 /* rosterpulse */;
			targetProxy = 288BA20B25FBB929001C8F08 /* PBXContainerItemProxy */;
		};
		288BA21725FBB929001C8F08 /* PBXTargetDependency */ = {
			isa = PBXTargetDependency;
			target = 288BA1F325FBB926001C8F08 /* rosterpulse */;
			targetProxy = 288BA21625FBB929001C8F08 /* PBXContainerItemProxy */;
		};
/* End PBXTargetDependency section */

/* Begin XCBuildConfiguration section */
		288BA21C25FBB929001C8F08 /* Debug */ = {
			isa = XCBuildConfiguration;
			buildSettings = {
				ALWAYS_SEARCH_USER_PATHS = NO;
				CLANG_ANALYZER_NONNULL = YES;
				CLANG_ANALYZER_NUMBER_OBJECT_CONVERSION = YES_AGGRESSIVE;
				CLANG_CXX_LANGUAGE_STANDARD = "gnu++14";
				CLANG_CXX_LIBRARY = "libc++";
				CLANG_ENABLE_MODULES = YES;
				CLANG_ENABLE_OBJC_ARC = YES;
				CLANG_ENABLE_OBJC_WEAK = YES;
				CLANG_WARN_BLOCK_CAPTURE_AUTORELEASING = YES;
				CLANG_WARN_BOOL_CONVERSION = YES;
				CLANG_WARN_COMMA = YES;
				CLANG_WARN_CONSTANT_CONVERSION = YES;
				CLANG_WARN_DEPRECATED_OBJC_IMPLEMENTATIONS = YES;
				CLANG_WARN_DIRECT_OBJC_ISA_USAGE = YES_ERROR;
				CLANG_WARN_DOCUMENTATION_COMMENTS = YES;
				CLANG_WARN_EMPTY_BODY = YES;
				CLANG_WARN_ENUM_CONVERSION = YES;
				CLANG_WARN_INFINITE_RECURSION = YES;
				CLANG_WARN_INT_CONVERSION = YES;
				CLANG_WARN_NON_LITERAL_NULL_CONVERSION = YES;
				CLANG_WARN_OBJC_IMPLICIT_RETAIN_SELF = YES;
				CLANG_WARN_OBJC_LITERAL_CONVERSION = YES;
				CLANG_WARN_OBJC_ROOT_CLASS = YES_ERROR;
				CLANG_WARN_QUOTED_INCLUDE_IN_FRAMEWORK_HEADER = YES;
				CLANG_WARN_RANGE_LOOP_ANALYSIS = YES;
				CLANG_WARN_STRICT_PROTOTYPES = YES;
				CLANG_WARN_SUSPICIOUS_MOVE = YES;
				CLANG_WARN_UNGUARDED_AVAILABILITY = YES_AGGRESSIVE;
				CLANG_WARN_UNREACHABLE_CODE = YES;
				CLANG_WARN__DUPLICATE_METHOD_MATCH = YES;
				COPY_PHASE_STRIP = NO;
				DEBUG_INFORMATION_FORMAT = dwarf;
				ENABLE_STRICT_OBJC_MSGSEND = YES;
				ENABLE_TESTABILITY = YES;
				GCC_C_LANGUAGE_STANDARD = gnu11;
				GCC_DYNAMIC_NO_PIC = NO;
				GCC_NO_COMMON_BLOCKS = YES;
				GCC_OPTIMIZATION_LEVEL = 0;
				GCC_PREPROCESSOR_DEFINITIONS = (
					"DEBUG=1",
					"$(inherited)",
				);
				GCC_WARN_64_TO_32_BIT_CONVERSION = YES;
				GCC_WARN_ABOUT_RETURN_TYPE = YES_ERROR;
				GCC_WARN_UNDECLARED_SELECTOR = YES;
				GCC_WARN_UNINITIALIZED_AUTOS = YES_AGGRESSIVE;
				GCC_WARN_UNUSED_FUNCTION = YES;
				GCC_WARN_UNUSED_VARIABLE = YES;
				IPHONEOS_DEPLOYMENT_TARGET = 14.4;
				MTL_ENABLE_DEBUG_INFO = INCLUDE_SOURCE;
				MTL_FAST_MATH = YES;
				ONLY_ACTIVE_ARCH = YES;
				SDKROOT = iphoneos;
				SWIFT_ACTIVE_COMPILATION_CONDITIONS = DEBUG;
				SWIFT_OPTIMIZATION_LEVEL = "-Onone";
			};
			name = Debug;
		};
		288BA21D25FBB929001C8F08 /* Release */ = {
			isa = XCBuildConfiguration;
			buildSettings = {
				ALWAYS_SEARCH_USER_PATHS = NO;
				CLANG_ANALYZER_NONNULL = YES;
				CLANG_ANALYZER_NUMBER_OBJECT_CONVERSION = YES_AGGRESSIVE;
				CLANG_CXX_LANGUAGE_STANDARD = "gnu++14";
				CLANG_CXX_LIBRARY = "libc++";
				CLANG_ENABLE_MODULES = YES;
				CLANG_ENABLE_OBJC_ARC = YES;
				CLANG_ENABLE_OBJC_WEAK = YES;
				CLANG_WARN_BLOCK_CAPTURE_AUTORELEASING = YES;
				CLANG_WARN_BOOL_CONVERSION = YES;
				CLANG_WARN_COMMA = YES;
				CLANG_WARN_CONSTANT_CONVERSION = YES;
				CLANG_WARN_DEPRECATED_OBJC_IMPLEMENTATIONS = YES;
				CLANG_WARN_DIRECT_OBJC_ISA_USAGE = YES_ERROR;
				CLANG_WARN_DOCUMENTATION_COMMENTS = YES;
				CLANG_WARN_EMPTY_BODY = YES;
				CLANG_WARN_ENUM_CONVERSION = YES;
				CLANG_WARN_INFINITE_RECURSION = YES;
				CLANG_WARN_INT_CONVERSION = YES;
				CLANG_WARN_NON_LITERAL_NULL_CONVERSION = YES;
				CLANG_WARN_OBJC_IMPLICIT_RETAIN_SELF = YES;
				CLANG_WARN_OBJC_LITERAL_CONVERSION = YES;
				CLANG_WARN_OBJC_ROOT_CLASS = YES_ERROR;
				CLANG_WARN_QUOTED_INCLUDE_IN_FRAMEWORK_HEADER = YES;
				CLANG_WARN_RANGE_LOOP_ANALYSIS = YES;
				CLANG_WARN_STRICT_PROTOTYPES = YES;
				CLANG_WARN_SUSPICIOUS_MOVE = YES;
				CLANG_WARN_UNGUARDED_AVAILABILITY = YES_AGGRESSIVE;
				CLANG_WARN_UNREACHABLE_CODE = YES;
				CLANG_WARN__DUPLICATE_METHOD_MATCH = YES;
				COPY_PHASE_STRIP = NO;
				DEBUG_INFORMATION_FORMAT = "dwarf-with-dsym";
				ENABLE_NS_ASSERTIONS = NO;
				ENABLE_STRICT_OBJC_MSGSEND = YES;
				GCC_C_LANGUAGE_STANDARD = gnu11;
				GCC_NO_COMMON_BLOCKS = YES;
				GCC_WARN_64_TO_32_BIT_CONVERSION = YES;
				GCC_WARN_ABOUT_RETURN_TYPE = YES_ERROR;
				GCC_WARN_UNDECLARED_SELECTOR = YES;
				GCC_WARN_UNINITIALIZED_AUTOS = YES_AGGRESSIVE;
				GCC_WARN_UNUSED_FUNCTION = YES;
				GCC_WARN_UNUSED_VARIABLE = YES;
				IPHONEOS_DEPLOYMENT_TARGET = 14.4;
				MTL_ENABLE_DEBUG_INFO = NO;
				MTL_FAST_MATH = YES;
				SDKROOT = iphoneos;
				SWIFT_COMPILATION_MODE = wholemodule;
				SWIFT_OPTIMIZATION_LEVEL = "-O";
				VALIDATE_PRODUCT = YES;
			};
			name = Release;
		};
		288BA21F25FBB929001C8F08 /* Debug */ = {
			isa = XCBuildConfiguration;
			buildSettings = {
				ASSETCATALOG_COMPILER_APPICON_NAME = AppIcon;
				ASSETCATALOG_COMPILER_GLOBAL_ACCENT_COLOR_NAME = AccentColor;
				CODE_SIGN_STYLE = Automatic;
				DEVELOPMENT_ASSET_PATHS = "\"rosterpulse/Preview Content\"";
				DEVELOPMENT_TEAM = 6SD64XYM7J;
				ENABLE_PREVIEWS = YES;
				INFOPLIST_FILE = "$(SRCROOT)/rosterpulse/Resources/Info.plist";
				LD_RUNPATH_SEARCH_PATHS = (
					"$(inherited)",
					"@executable_path/Frameworks",
				);
				PRODUCT_BUNDLE_IDENTIFIER = dev.seancostello.apps.rosterpulse;
				PRODUCT_NAME = "$(TARGET_NAME)";
				SWIFT_VERSION = 5.0;
				TARGETED_DEVICE_FAMILY = "1,2";
			};
			name = Debug;
		};
		288BA22025FBB929001C8F08 /* Release */ = {
			isa = XCBuildConfiguration;
			buildSettings = {
				ASSETCATALOG_COMPILER_APPICON_NAME = AppIcon;
				ASSETCATALOG_COMPILER_GLOBAL_ACCENT_COLOR_NAME = AccentColor;
				CODE_SIGN_STYLE = Automatic;
				DEVELOPMENT_ASSET_PATHS = "\"rosterpulse/Preview Content\"";
				DEVELOPMENT_TEAM = 6SD64XYM7J;
				ENABLE_PREVIEWS = YES;
				INFOPLIST_FILE = "$(SRCROOT)/rosterpulse/Resources/Info.plist";
				LD_RUNPATH_SEARCH_PATHS = (
					"$(inherited)",
					"@executable_path/Frameworks",
				);
				PRODUCT_BUNDLE_IDENTIFIER = dev.seancostello.apps.rosterpulse;
				PRODUCT_NAME = "$(TARGET_NAME)";
				SWIFT_VERSION = 5.0;
				TARGETED_DEVICE_FAMILY = "1,2";
			};
			name = Release;
		};
		288BA22225FBB929001C8F08 /* Debug */ = {
			isa = XCBuildConfiguration;
			buildSettings = {
				ALWAYS_EMBED_SWIFT_STANDARD_LIBRARIES = YES;
				BUNDLE_LOADER = "$(TEST_HOST)";
				CODE_SIGN_STYLE = Automatic;
				DEVELOPMENT_TEAM = 6SD64XYM7J;
				INFOPLIST_FILE = rosterpulseTests/Info.plist;
				IPHONEOS_DEPLOYMENT_TARGET = 14.4;
				LD_RUNPATH_SEARCH_PATHS = (
					"$(inherited)",
					"@executable_path/Frameworks",
					"@loader_path/Frameworks",
				);
				PRODUCT_BUNDLE_IDENTIFIER = dev.seancostello.apps.rosterpulseTests;
				PRODUCT_NAME = "$(TARGET_NAME)";
				SWIFT_VERSION = 5.0;
				TARGETED_DEVICE_FAMILY = "1,2";
				TEST_HOST = "$(BUILT_PRODUCTS_DIR)/rosterpulse.app/rosterpulse";
			};
			name = Debug;
		};
		288BA22325FBB929001C8F08 /* Release */ = {
			isa = XCBuildConfiguration;
			buildSettings = {
				ALWAYS_EMBED_SWIFT_STANDARD_LIBRARIES = YES;
				BUNDLE_LOADER = "$(TEST_HOST)";
				CODE_SIGN_STYLE = Automatic;
				DEVELOPMENT_TEAM = 6SD64XYM7J;
				INFOPLIST_FILE = rosterpulseTests/Info.plist;
				IPHONEOS_DEPLOYMENT_TARGET = 14.4;
				LD_RUNPATH_SEARCH_PATHS = (
					"$(inherited)",
					"@executable_path/Frameworks",
					"@loader_path/Frameworks",
				);
				PRODUCT_BUNDLE_IDENTIFIER = dev.seancostello.apps.rosterpulseTests;
				PRODUCT_NAME = "$(TARGET_NAME)";
				SWIFT_VERSION = 5.0;
				TARGETED_DEVICE_FAMILY = "1,2";
				TEST_HOST = "$(BUILT_PRODUCTS_DIR)/rosterpulse.app/rosterpulse";
			};
			name = Release;
		};
		288BA22525FBB929001C8F08 /* Debug */ = {
			isa = XCBuildConfiguration;
			buildSettings = {
				ALWAYS_EMBED_SWIFT_STANDARD_LIBRARIES = YES;
				CODE_SIGN_STYLE = Automatic;
				DEVELOPMENT_TEAM = 6SD64XYM7J;
				INFOPLIST_FILE = rosterpulseUITests/Info.plist;
				LD_RUNPATH_SEARCH_PATHS = (
					"$(inherited)",
					"@executable_path/Frameworks",
					"@loader_path/Frameworks",
				);
				PRODUCT_BUNDLE_IDENTIFIER = dev.seancostello.apps.rosterpulseUITests;
				PRODUCT_NAME = "$(TARGET_NAME)";
				SWIFT_VERSION = 5.0;
				TARGETED_DEVICE_FAMILY = "1,2";
				TEST_TARGET_NAME = rosterpulse;
			};
			name = Debug;
		};
		288BA22625FBB929001C8F08 /* Release */ = {
			isa = XCBuildConfiguration;
			buildSettings = {
				ALWAYS_EMBED_SWIFT_STANDARD_LIBRARIES = YES;
				CODE_SIGN_STYLE = Automatic;
				DEVELOPMENT_TEAM = 6SD64XYM7J;
				INFOPLIST_FILE = rosterpulseUITests/Info.plist;
				LD_RUNPATH_SEARCH_PATHS = (
					"$(inherited)",
					"@executable_path/Frameworks",
					"@loader_path/Frameworks",
				);
				PRODUCT_BUNDLE_IDENTIFIER = dev.seancostello.apps.rosterpulseUITests;
				PRODUCT_NAME = "$(TARGET_NAME)";
				SWIFT_VERSION = 5.0;
				TARGETED_DEVICE_FAMILY = "1,2";
				TEST_TARGET_NAME = rosterpulse;
			};
			name = Release;
		};
/* End XCBuildConfiguration section */

/* Begin XCConfigurationList section */
		288BA1EF25FBB926001C8F08 /* Build configuration list for PBXProject "rosterpulse" */ = {
			isa = XCConfigurationList;
			buildConfigurations = (
				288BA21C25FBB929001C8F08 /* Debug */,
				288BA21D25FBB929001C8F08 /* Release */,
			);
			defaultConfigurationIsVisible = 0;
			defaultConfigurationName = Release;
		};
		288BA21E25FBB929001C8F08 /* Build configuration list for PBXNativeTarget "rosterpulse" */ = {
			isa = XCConfigurationList;
			buildConfigurations = (
				288BA21F25FBB929001C8F08 /* Debug */,
				288BA22025FBB929001C8F08 /* Release */,
			);
			defaultConfigurationIsVisible = 0;
			defaultConfigurationName = Release;
		};
		288BA22125FBB929001C8F08 /* Build configuration list for PBXNativeTarget "rosterpulseTests" */ = {
			isa = XCConfigurationList;
			buildConfigurations = (
				288BA22225FBB929001C8F08 /* Debug */,
				288BA22325FBB929001C8F08 /* Release */,
			);
			defaultConfigurationIsVisible = 0;
			defaultConfigurationName = Release;
		};
		288BA22425FBB929001C8F08 /* Build configuration list for PBXNativeTarget "rosterpulseUITests" */ = {
			isa = XCConfigurationList;
			buildConfigurations = (
				288BA22525FBB929001C8F08 /* Debug */,
				288BA22625FBB929001C8F08 /* Release */,
			);
			defaultConfigurationIsVisible = 0;
			defaultConfigurationName = Release;
		};
/* End XCConfigurationList section */

/* Begin XCRemoteSwiftPackageReference section */
		288BA23025FD5503001C8F08 /* XCRemoteSwiftPackageReference "apollo-ios" */ = {
			isa = XCRemoteSwiftPackageReference;
			repositoryURL = "https://github.com/apollographql/apollo-ios.git";
			requirement = {
				kind = upToNextMinorVersion;
				minimumVersion = 0.42.0;
			};
		};
/* End XCRemoteSwiftPackageReference section */

/* Begin XCSwiftPackageProductDependency section */
		288BA23125FD5503001C8F08 /* Apollo */ = {
			isa = XCSwiftPackageProductDependency;
			package = 288BA23025FD5503001C8F08 /* XCRemoteSwiftPackageReference "apollo-ios" */;
			productName = Apollo;
		};
		288BA23325FD5503001C8F08 /* ApolloWebSocket */ = {
			isa = XCSwiftPackageProductDependency;
			package = 288BA23025FD5503001C8F08 /* XCRemoteSwiftPackageReference "apollo-ios" */;
			productName = ApolloWebSocket;
		};
/* End XCSwiftPackageProductDependency section */
	};
	rootObject = 288BA1EC25FBB926001C8F08 /* Project object */;
}
